
Microsoft Visual Studio Solution File, Format Version 12.00
# Visual Studio 15
Project("{FAE04EC0-301F-11D3-BF4B-00C04F79EFBC}") = "UnityEngine.UI", "UnityEngine.UI.csproj", "{902E4129-C4F0-5760-5B63-55E4E21CB995}"
EndProject
Project("{FAE04EC0-301F-11D3-BF4B-00C04F79EFBC}") = "Unity.RenderPipelines.Core.Runtime", "Unity.RenderPipelines.Core.Runtime.csproj", "{F708551A-5F55-7C92-9E21-C036DF69B4B6}"
EndProject
Project("{FAE04EC0-301F-11D3-BF4B-00C04F79EFBC}") = "UnityEngine.TestRunner", "UnityEngine.TestRunner.csproj", "{3BA85A47-8289-E4AF-FAF4-A869CF3BB68D}"
EndProject
Project("{FAE04EC0-301F-11D3-BF4B-00C04F79EFBC}") = "Zenject", "Zenject.csproj", "{EEDC0332-EA63-6E51-4B00-B5F186EE2D27}"
EndProject
Project("{FAE04EC0-301F-11D3-BF4B-00C04F79EFBC}") = "Unity.InputSystem", "Unity.InputSystem.csproj", "{A7C396D7-BFAF-21C7-FAE2-9758E0C0A5B9}"
EndProject
Project("{FAE04EC0-301F-11D3-BF4B-00C04F79EFBC}") = "Unity.VisualScripting.State", "Unity.VisualScripting.State.csproj", "{914C3A88-2E40-4B64-7D81-094E27B3C49C}"
EndProject
Project("{FAE04EC0-301F-11D3-BF4B-00C04F79EFBC}") = "Unity.RenderPipelines.Universal.Runtime", "Unity.RenderPipelines.Universal.Runtime.csproj", "{9C366C8E-93A7-54F9-7A49-2EF41561B399}"
EndProject
Project("{FAE04EC0-301F-11D3-BF4B-00C04F79EFBC}") = "Unity.VisualScripting.Flow", "Unity.VisualScripting.Flow.csproj", "{2027B7F1-D624-5AFE-9760-6FB0B3FC7220}"
EndProject
Project("{FAE04EC0-301F-11D3-BF4B-00C04F79EFBC}") = "Unity.VisualScripting.Core", "Unity.VisualScripting.Core.csproj", "{7F20047B-C426-C00B-CB91-6E0FDC177CBD}"
EndProject
Project("{FAE04EC0-301F-11D3-BF4B-00C04F79EFBC}") = "AFPC", "AFPC.csproj", "{FF500324-C0F1-DB4D-97EE-F8560F64FDCD}"
EndProject
Project("{FAE04EC0-301F-11D3-BF4B-00C04F79EFBC}") = "UniRx", "UniRx.csproj", "{7800BEC6-90B9-703E-B4CF-E2EB221081BC}"
EndProject
Project("{FAE04EC0-301F-11D3-BF4B-00C04F79EFBC}") = "Assembly-CSharp", "Assembly-CSharp.csproj", "{B550A602-964D-A66D-7AEE-B6BC1AFF76F8}"
EndProject
Project("{FAE04EC0-301F-11D3-BF4B-00C04F79EFBC}") = "Unity.TextMeshPro", "Unity.TextMeshPro.csproj", "{D2C97AAB-1EA9-9933-D483-75FE8EF73D20}"
EndProject
Project("{FAE04EC0-301F-11D3-BF4B-00C04F79EFBC}") = "Unity.Burst", "Unity.Burst.csproj", "{BD0B6D34-6DBD-2F0C-5ECE-9861616BB052}"
EndProject
Project("{FAE04EC0-301F-11D3-BF4B-00C04F79EFBC}") = "Zenject-IntegrationTests", "Zenject-IntegrationTests.csproj", "{FBC61D1D-9D57-E8FF-A7FC-DBC26E158F92}"
EndProject
Project("{FAE04EC0-301F-11D3-BF4B-00C04F79EFBC}") = "Unity.RenderPipeline.Universal.ShaderLibrary", "Unity.RenderPipeline.Universal.ShaderLibrary.csproj", "{3C1C7354-E53B-E064-F539-B75FF5F8B519}"
EndProject
Project("{FAE04EC0-301F-11D3-BF4B-00C04F79EFBC}") = "Zenject-IntegrationTests-Editor", "Zenject-IntegrationTests-Editor.csproj", "{8637A2AD-382B-EEF4-39EE-B4CD1B53A6E4}"
EndProject
Project("{FAE04EC0-301F-11D3-BF4B-00C04F79EFBC}") = "Assembly-CSharp-firstpass", "Assembly-CSharp-firstpass.csproj", "{B4DB6DC4-B1B8-DC24-FEA6-3128325FAD09}"
EndProject
Project("{FAE04EC0-301F-11D3-BF4B-00C04F79EFBC}") = "Unity.Timeline", "Unity.Timeline.csproj", "{7084AF7F-4D96-5E96-07D2-2D876A68B8E6}"
EndProject
Project("{FAE04EC0-301F-11D3-BF4B-00C04F79EFBC}") = "Unity.Mathematics", "Unity.Mathematics.csproj", "{3EACCB24-ABD7-5EF9-2FFF-69858E7F2188}"
EndProject
Project("{FAE04EC0-301F-11D3-BF4B-00C04F79EFBC}") = "WorldBirthScripts", "WorldBirthScripts.csproj", "{2070EA26-61EA-F06C-39A4-CAD5F2E06C99}"
EndProject
Project("{FAE04EC0-301F-11D3-BF4B-00C04F79EFBC}") = "DOTween.Modules", "DOTween.Modules.csproj", "{C0879DC1-0A99-D82A-EE23-888D3097B826}"
EndProject
Project("{FAE04EC0-301F-11D3-BF4B-00C04F79EFBC}") = "UniRx.Examples", "UniRx.Examples.csproj", "{897585A2-D8BC-192B-B153-7F9F646DC9AC}"
EndProject
Project("{FAE04EC0-301F-11D3-BF4B-00C04F79EFBC}") = "Unity.RenderPipelines.ShaderGraph.ShaderGraphLibrary", "Unity.RenderPipelines.ShaderGraph.ShaderGraphLibrary.csproj", "{0885F96C-1BEC-859E-C70B-1EF38925AD07}"
EndProject
Project("{FAE04EC0-301F-11D3-BF4B-00C04F79EFBC}") = "Unity.RenderPipelines.Core.ShaderLibrary", "Unity.RenderPipelines.Core.ShaderLibrary.csproj", "{4A0127B7-D3FD-E36A-0B14-E10AFA05548F}"
EndProject
Project("{FAE04EC0-301F-11D3-BF4B-00C04F79EFBC}") = "Unity.RenderPipelines.Universal.Shaders", "Unity.RenderPipelines.Universal.Shaders.csproj", "{C1E390B5-457A-7A4A-F3C7-AB8CE2F96E56}"
EndProject
Project("{FAE04EC0-301F-11D3-BF4B-00C04F79EFBC}") = "Unity.PlasticSCM.Editor", "Unity.PlasticSCM.Editor.csproj", "{A43F1CAB-3BA7-9562-3B8F-F1F675999B11}"
EndProject
Project("{FAE04EC0-301F-11D3-BF4B-00C04F79EFBC}") = "Unity.VisualScripting.Core.Editor", "Unity.VisualScripting.Core.Editor.csproj", "{D4AAF316-2D40-30A9-8A38-DACB1CACCB38}"
EndProject
Project("{FAE04EC0-301F-11D3-BF4B-00C04F79EFBC}") = "Unity.ShaderGraph.Editor", "Unity.ShaderGraph.Editor.csproj", "{219E0C5A-9EB3-706D-A21B-CBE6F1B0C907}"
EndProject
Project("{FAE04EC0-301F-11D3-BF4B-00C04F79EFBC}") = "Zenject-PoolMonitor-Editor", "Zenject-PoolMonitor-Editor.csproj", "{461C8554-D670-6F10-DA1B-AD174557B9DC}"
EndProject
Project("{FAE04EC0-301F-11D3-BF4B-00C04F79EFBC}") = "Unity.Timeline.Editor", "Unity.Timeline.Editor.csproj", "{E03800DC-6BF4-95C4-0421-D8172CAE4D44}"
EndProject
Project("{FAE04EC0-301F-11D3-BF4B-00C04F79EFBC}") = "Zenject-UnitTests-Editor", "Zenject-UnitTests-Editor.csproj", "{3942A4A3-0005-4C7C-C6BD-EA05BF7935C4}"
EndProject
Project("{FAE04EC0-301F-11D3-BF4B-00C04F79EFBC}") = "Unity.RenderPipelines.Universal.Editor", "Unity.RenderPipelines.Universal.Editor.csproj", "{DDA0AC83-CADD-44A7-B8CD-9F62998E3449}"
EndProject
Project("{FAE04EC0-301F-11D3-BF4B-00C04F79EFBC}") = "Unity.TextMeshPro.Editor", "Unity.TextMeshPro.Editor.csproj", "{1572F625-911F-F500-E6E1-4883C6CBA8F9}"
EndProject
Project("{FAE04EC0-301F-11D3-BF4B-00C04F79EFBC}") = "Unity.VisualScripting.SettingsProvider.Editor", "Unity.VisualScripting.SettingsProvider.Editor.csproj", "{A7EBE9E3-5727-77F6-AFF7-1A2427802ACB}"
EndProject
Project("{FAE04EC0-301F-11D3-BF4B-00C04F79EFBC}") = "UnityEditor.TestRunner", "UnityEditor.TestRunner.csproj", "{46390B81-9E82-BFFC-7263-79033ED43705}"
EndProject
Project("{FAE04EC0-301F-11D3-BF4B-00C04F79EFBC}") = "Unity.VisualScripting.Flow.Editor", "Unity.VisualScripting.Flow.Editor.csproj", "{0C147AFF-F608-E8A4-F359-45218AC4C353}"
EndProject
Project("{FAE04EC0-301F-11D3-BF4B-00C04F79EFBC}") = "Unity.Rider.Editor", "Unity.Rider.Editor.csproj", "{13412E6D-417F-1BCB-7939-F487133A9AD8}"
EndProject
Project("{FAE04EC0-301F-11D3-BF4B-00C04F79EFBC}") = "Unity.Services.Core.Editor", "Unity.Services.Core.Editor.csproj", "{9275F136-C358-0452-D290-154FD77A927F}"
EndProject
Project("{FAE04EC0-301F-11D3-BF4B-00C04F79EFBC}") = "Unity.CollabProxy.Editor", "Unity.CollabProxy.Editor.csproj", "{A165A7A3-42EC-2F94-C0A7-ABAA9CBB90A0}"
EndProject
Project("{FAE04EC0-301F-11D3-BF4B-00C04F79EFBC}") = "Unity.RenderPipelines.Core.Editor", "Unity.RenderPipelines.Core.Editor.csproj", "{18162879-91BF-93B2-2172-35A8F1442485}"
EndProject
Project("{FAE04EC0-301F-11D3-BF4B-00C04F79EFBC}") = "Unity.Burst.CodeGen", "Unity.Burst.CodeGen.csproj", "{CE2AD5C0-C212-B5E9-3EF1-7EADE3A9C0C2}"
EndProject
Project("{FAE04EC0-301F-11D3-BF4B-00C04F79EFBC}") = "Unity.VSCode.Editor", "Unity.VSCode.Editor.csproj", "{1F5DA174-1DBF-4C3F-6250-F5806521E9F6}"
EndProject
Project("{FAE04EC0-301F-11D3-BF4B-00C04F79EFBC}") = "Unity.VisualStudio.Editor", "Unity.VisualStudio.Editor.csproj", "{8DACC248-8429-A4C4-E0F3-177580B08A4F}"
EndProject
Project("{FAE04EC0-301F-11D3-BF4B-00C04F79EFBC}") = "PPv2URPConverters", "PPv2URPConverters.csproj", "{A4582708-3D93-4802-F1C8-C220B99C2D76}"
EndProject
Project("{FAE04EC0-301F-11D3-BF4B-00C04F79EFBC}") = "Zenject-TestFramework", "Zenject-TestFramework.csproj", "{562A2F19-E257-E3D3-11EC-53465D44847F}"
EndProject
Project("{FAE04EC0-301F-11D3-BF4B-00C04F79EFBC}") = "Unity.VisualScripting.State.Editor", "Unity.VisualScripting.State.Editor.csproj", "{4445CB18-0443-4E41-0869-9440F5B9C986}"
EndProject
Project("{FAE04EC0-301F-11D3-BF4B-00C04F79EFBC}") = "UnityEditor.UI", "UnityEditor.UI.csproj", "{F024971D-A0BC-6CA8-A159-48C0696A86C4}"
EndProject
Project("{FAE04EC0-301F-11D3-BF4B-00C04F79EFBC}") = "Unity.Searcher.Editor", "Unity.Searcher.Editor.csproj", "{B3D89B44-4E6E-5AB3-05B0-66E1029FEEA3}"
EndProject
Project("{FAE04EC0-301F-11D3-BF4B-00C04F79EFBC}") = "Unity.Burst.Editor", "Unity.Burst.Editor.csproj", "{87F49737-8EFF-6056-9A92-89CBBB49260F}"
EndProject
Project("{FAE04EC0-301F-11D3-BF4B-00C04F79EFBC}") = "Zenject-ReflectionBaking-Editor", "Zenject-ReflectionBaking-Editor.csproj", "{6947C410-17FC-DFAA-9AAA-CFAB55EE723D}"
EndProject
Project("{FAE04EC0-301F-11D3-BF4B-00C04F79EFBC}") = "Unity.ShaderGraph.Utilities", "Unity.ShaderGraph.Utilities.csproj", "{3A605CBD-1F75-19B7-03C5-4DCFDBBD8443}"
EndProject
Project("{FAE04EC0-301F-11D3-BF4B-00C04F79EFBC}") = "DELTation.ToonShader.Editor", "DELTation.ToonShader.Editor.csproj", "{F17EB384-1EB6-3721-C49E-6AB6A779C117}"
EndProject
Project("{FAE04EC0-301F-11D3-BF4B-00C04F79EFBC}") = "Unity.Mathematics.Editor", "Unity.Mathematics.Editor.csproj", "{BC152AA8-E049-CC71-640B-5C7CF525B1C1}"
EndProject
Project("{FAE04EC0-301F-11D3-BF4B-00C04F79EFBC}") = "Zenject-Editor", "Zenject-Editor.csproj", "{EE305FCE-29EC-C209-7D36-398889D480F9}"
EndProject
Project("{FAE04EC0-301F-11D3-BF4B-00C04F79EFBC}") = "Unity.VisualScripting.Shared.Editor", "Unity.VisualScripting.Shared.Editor.csproj", "{7EC48434-25F1-E7DD-1D7B-F7C37DDA57BF}"
EndProject
Project("{FAE04EC0-301F-11D3-BF4B-00C04F79EFBC}") = "Assembly-CSharp-Editor-firstpass", "Assembly-CSharp-Editor-firstpass.csproj", "{D652B1B2-0E23-DCFE-9FA3-226576FFF967}"
EndProject
Global
	GlobalSection(SolutionConfigurationPlatforms) = preSolution
		Debug|Any CPU = Debug|Any CPU
		Release|Any CPU = Release|Any CPU
	EndGlobalSection
	GlobalSection(ProjectConfigurationPlatforms) = postSolution
		{902E4129-C4F0-5760-5B63-55E4E21CB995}.Debug|Any CPU.ActiveCfg = Debug|Any CPU
		{902E4129-C4F0-5760-5B63-55E4E21CB995}.Debug|Any CPU.Build.0 = Debug|Any CPU
		{902E4129-C4F0-5760-5B63-55E4E21CB995}.Release|Any CPU.ActiveCfg = Release|Any CPU
		{902E4129-C4F0-5760-5B63-55E4E21CB995}.Release|Any CPU.Build.0 = Release|Any CPU
		{F708551A-5F55-7C92-9E21-C036DF69B4B6}.Debug|Any CPU.ActiveCfg = Debug|Any CPU
		{F708551A-5F55-7C92-9E21-C036DF69B4B6}.Debug|Any CPU.Build.0 = Debug|Any CPU
		{F708551A-5F55-7C92-9E21-C036DF69B4B6}.Release|Any CPU.ActiveCfg = Release|Any CPU
		{F708551A-5F55-7C92-9E21-C036DF69B4B6}.Release|Any CPU.Build.0 = Release|Any CPU
		{3BA85A47-8289-E4AF-FAF4-A869CF3BB68D}.Debug|Any CPU.ActiveCfg = Debug|Any CPU
		{3BA85A47-8289-E4AF-FAF4-A869CF3BB68D}.Debug|Any CPU.Build.0 = Debug|Any CPU
		{3BA85A47-8289-E4AF-FAF4-A869CF3BB68D}.Release|Any CPU.ActiveCfg = Release|Any CPU
		{3BA85A47-8289-E4AF-FAF4-A869CF3BB68D}.Release|Any CPU.Build.0 = Release|Any CPU
		{EEDC0332-EA63-6E51-4B00-B5F186EE2D27}.Debug|Any CPU.ActiveCfg = Debug|Any CPU
		{EEDC0332-EA63-6E51-4B00-B5F186EE2D27}.Debug|Any CPU.Build.0 = Debug|Any CPU
		{EEDC0332-EA63-6E51-4B00-B5F186EE2D27}.Release|Any CPU.ActiveCfg = Release|Any CPU
		{EEDC0332-EA63-6E51-4B00-B5F186EE2D27}.Release|Any CPU.Build.0 = Release|Any CPU
		{A7C396D7-BFAF-21C7-FAE2-9758E0C0A5B9}.Debug|Any CPU.ActiveCfg = Debug|Any CPU
		{A7C396D7-BFAF-21C7-FAE2-9758E0C0A5B9}.Debug|Any CPU.Build.0 = Debug|Any CPU
		{A7C396D7-BFAF-21C7-FAE2-9758E0C0A5B9}.Release|Any CPU.ActiveCfg = Release|Any CPU
		{A7C396D7-BFAF-21C7-FAE2-9758E0C0A5B9}.Release|Any CPU.Build.0 = Release|Any CPU
		{914C3A88-2E40-4B64-7D81-094E27B3C49C}.Debug|Any CPU.ActiveCfg = Debug|Any CPU
		{914C3A88-2E40-4B64-7D81-094E27B3C49C}.Debug|Any CPU.Build.0 = Debug|Any CPU
		{914C3A88-2E40-4B64-7D81-094E27B3C49C}.Release|Any CPU.ActiveCfg = Release|Any CPU
		{914C3A88-2E40-4B64-7D81-094E27B3C49C}.Release|Any CPU.Build.0 = Release|Any CPU
		{9C366C8E-93A7-54F9-7A49-2EF41561B399}.Debug|Any CPU.ActiveCfg = Debug|Any CPU
		{9C366C8E-93A7-54F9-7A49-2EF41561B399}.Debug|Any CPU.Build.0 = Debug|Any CPU
		{9C366C8E-93A7-54F9-7A49-2EF41561B399}.Release|Any CPU.ActiveCfg = Release|Any CPU
		{9C366C8E-93A7-54F9-7A49-2EF41561B399}.Release|Any CPU.Build.0 = Release|Any CPU
		{2027B7F1-D624-5AFE-9760-6FB0B3FC7220}.Debug|Any CPU.ActiveCfg = Debug|Any CPU
		{2027B7F1-D624-5AFE-9760-6FB0B3FC7220}.Debug|Any CPU.Build.0 = Debug|Any CPU
		{2027B7F1-D624-5AFE-9760-6FB0B3FC7220}.Release|Any CPU.ActiveCfg = Release|Any CPU
		{2027B7F1-D624-5AFE-9760-6FB0B3FC7220}.Release|Any CPU.Build.0 = Release|Any CPU
		{7F20047B-C426-C00B-CB91-6E0FDC177CBD}.Debug|Any CPU.ActiveCfg = Debug|Any CPU
		{7F20047B-C426-C00B-CB91-6E0FDC177CBD}.Debug|Any CPU.Build.0 = Debug|Any CPU
		{7F20047B-C426-C00B-CB91-6E0FDC177CBD}.Release|Any CPU.ActiveCfg = Release|Any CPU
		{7F20047B-C426-C00B-CB91-6E0FDC177CBD}.Release|Any CPU.Build.0 = Release|Any CPU
		{FF500324-C0F1-DB4D-97EE-F8560F64FDCD}.Debug|Any CPU.ActiveCfg = Debug|Any CPU
		{FF500324-C0F1-DB4D-97EE-F8560F64FDCD}.Debug|Any CPU.Build.0 = Debug|Any CPU
		{FF500324-C0F1-DB4D-97EE-F8560F64FDCD}.Release|Any CPU.ActiveCfg = Release|Any CPU
		{FF500324-C0F1-DB4D-97EE-F8560F64FDCD}.Release|Any CPU.Build.0 = Release|Any CPU
		{7800BEC6-90B9-703E-B4CF-E2EB221081BC}.Debug|Any CPU.ActiveCfg = Debug|Any CPU
		{7800BEC6-90B9-703E-B4CF-E2EB221081BC}.Debug|Any CPU.Build.0 = Debug|Any CPU
		{7800BEC6-90B9-703E-B4CF-E2EB221081BC}.Release|Any CPU.ActiveCfg = Release|Any CPU
		{7800BEC6-90B9-703E-B4CF-E2EB221081BC}.Release|Any CPU.Build.0 = Release|Any CPU
		{B550A602-964D-A66D-7AEE-B6BC1AFF76F8}.Debug|Any CPU.ActiveCfg = Debug|Any CPU
		{B550A602-964D-A66D-7AEE-B6BC1AFF76F8}.Debug|Any CPU.Build.0 = Debug|Any CPU
		{B550A602-964D-A66D-7AEE-B6BC1AFF76F8}.Release|Any CPU.ActiveCfg = Release|Any CPU
		{B550A602-964D-A66D-7AEE-B6BC1AFF76F8}.Release|Any CPU.Build.0 = Release|Any CPU
		{D2C97AAB-1EA9-9933-D483-75FE8EF73D20}.Debug|Any CPU.ActiveCfg = Debug|Any CPU
		{D2C97AAB-1EA9-9933-D483-75FE8EF73D20}.Debug|Any CPU.Build.0 = Debug|Any CPU
		{D2C97AAB-1EA9-9933-D483-75FE8EF73D20}.Release|Any CPU.ActiveCfg = Release|Any CPU
		{D2C97AAB-1EA9-9933-D483-75FE8EF73D20}.Release|Any CPU.Build.0 = Release|Any CPU
		{BD0B6D34-6DBD-2F0C-5ECE-9861616BB052}.Debug|Any CPU.ActiveCfg = Debug|Any CPU
		{BD0B6D34-6DBD-2F0C-5ECE-9861616BB052}.Debug|Any CPU.Build.0 = Debug|Any CPU
		{BD0B6D34-6DBD-2F0C-5ECE-9861616BB052}.Release|Any CPU.ActiveCfg = Release|Any CPU
		{BD0B6D34-6DBD-2F0C-5ECE-9861616BB052}.Release|Any CPU.Build.0 = Release|Any CPU
		{FBC61D1D-9D57-E8FF-A7FC-DBC26E158F92}.Debug|Any CPU.ActiveCfg = Debug|Any CPU
		{FBC61D1D-9D57-E8FF-A7FC-DBC26E158F92}.Debug|Any CPU.Build.0 = Debug|Any CPU
		{FBC61D1D-9D57-E8FF-A7FC-DBC26E158F92}.Release|Any CPU.ActiveCfg = Release|Any CPU
		{FBC61D1D-9D57-E8FF-A7FC-DBC26E158F92}.Release|Any CPU.Build.0 = Release|Any CPU
		{3C1C7354-E53B-E064-F539-B75FF5F8B519}.Debug|Any CPU.ActiveCfg = Debug|Any CPU
		{3C1C7354-E53B-E064-F539-B75FF5F8B519}.Debug|Any CPU.Build.0 = Debug|Any CPU
		{3C1C7354-E53B-E064-F539-B75FF5F8B519}.Release|Any CPU.ActiveCfg = Release|Any CPU
		{3C1C7354-E53B-E064-F539-B75FF5F8B519}.Release|Any CPU.Build.0 = Release|Any CPU
		{8637A2AD-382B-EEF4-39EE-B4CD1B53A6E4}.Debug|Any CPU.ActiveCfg = Debug|Any CPU
		{8637A2AD-382B-EEF4-39EE-B4CD1B53A6E4}.Debug|Any CPU.Build.0 = Debug|Any CPU
		{8637A2AD-382B-EEF4-39EE-B4CD1B53A6E4}.Release|Any CPU.ActiveCfg = Release|Any CPU
		{8637A2AD-382B-EEF4-39EE-B4CD1B53A6E4}.Release|Any CPU.Build.0 = Release|Any CPU
		{B4DB6DC4-B1B8-DC24-FEA6-3128325FAD09}.Debug|Any CPU.ActiveCfg = Debug|Any CPU
		{B4DB6DC4-B1B8-DC24-FEA6-3128325FAD09}.Debug|Any CPU.Build.0 = Debug|Any CPU
		{B4DB6DC4-B1B8-DC24-FEA6-3128325FAD09}.Release|Any CPU.ActiveCfg = Release|Any CPU
		{B4DB6DC4-B1B8-DC24-FEA6-3128325FAD09}.Release|Any CPU.Build.0 = Release|Any CPU
		{7084AF7F-4D96-5E96-07D2-2D876A68B8E6}.Debug|Any CPU.ActiveCfg = Debug|Any CPU
		{7084AF7F-4D96-5E96-07D2-2D876A68B8E6}.Debug|Any CPU.Build.0 = Debug|Any CPU
		{7084AF7F-4D96-5E96-07D2-2D876A68B8E6}.Release|Any CPU.ActiveCfg = Release|Any CPU
		{7084AF7F-4D96-5E96-07D2-2D876A68B8E6}.Release|Any CPU.Build.0 = Release|Any CPU
		{3EACCB24-ABD7-5EF9-2FFF-69858E7F2188}.Debug|Any CPU.ActiveCfg = Debug|Any CPU
		{3EACCB24-ABD7-5EF9-2FFF-69858E7F2188}.Debug|Any CPU.Build.0 = Debug|Any CPU
		{3EACCB24-ABD7-5EF9-2FFF-69858E7F2188}.Release|Any CPU.ActiveCfg = Release|Any CPU
		{3EACCB24-ABD7-5EF9-2FFF-69858E7F2188}.Release|Any CPU.Build.0 = Release|Any CPU
		{2070EA26-61EA-F06C-39A4-CAD5F2E06C99}.Debug|Any CPU.ActiveCfg = Debug|Any CPU
		{2070EA26-61EA-F06C-39A4-CAD5F2E06C99}.Debug|Any CPU.Build.0 = Debug|Any CPU
		{2070EA26-61EA-F06C-39A4-CAD5F2E06C99}.Release|Any CPU.ActiveCfg = Release|Any CPU
		{2070EA26-61EA-F06C-39A4-CAD5F2E06C99}.Release|Any CPU.Build.0 = Release|Any CPU
		{C0879DC1-0A99-D82A-EE23-888D3097B826}.Debug|Any CPU.ActiveCfg = Debug|Any CPU
		{C0879DC1-0A99-D82A-EE23-888D3097B826}.Debug|Any CPU.Build.0 = Debug|Any CPU
		{C0879DC1-0A99-D82A-EE23-888D3097B826}.Release|Any CPU.ActiveCfg = Release|Any CPU
		{C0879DC1-0A99-D82A-EE23-888D3097B826}.Release|Any CPU.Build.0 = Release|Any CPU
		{897585A2-D8BC-192B-B153-7F9F646DC9AC}.Debug|Any CPU.ActiveCfg = Debug|Any CPU
		{897585A2-D8BC-192B-B153-7F9F646DC9AC}.Debug|Any CPU.Build.0 = Debug|Any CPU
		{897585A2-D8BC-192B-B153-7F9F646DC9AC}.Release|Any CPU.ActiveCfg = Release|Any CPU
		{897585A2-D8BC-192B-B153-7F9F646DC9AC}.Release|Any CPU.Build.0 = Release|Any CPU
		{0885F96C-1BEC-859E-C70B-1EF38925AD07}.Debug|Any CPU.ActiveCfg = Debug|Any CPU
		{0885F96C-1BEC-859E-C70B-1EF38925AD07}.Debug|Any CPU.Build.0 = Debug|Any CPU
		{0885F96C-1BEC-859E-C70B-1EF38925AD07}.Release|Any CPU.ActiveCfg = Release|Any CPU
		{0885F96C-1BEC-859E-C70B-1EF38925AD07}.Release|Any CPU.Build.0 = Release|Any CPU
		{4A0127B7-D3FD-E36A-0B14-E10AFA05548F}.Debug|Any CPU.ActiveCfg = Debug|Any CPU
		{4A0127B7-D3FD-E36A-0B14-E10AFA05548F}.Debug|Any CPU.Build.0 = Debug|Any CPU
		{4A0127B7-D3FD-E36A-0B14-E10AFA05548F}.Release|Any CPU.ActiveCfg = Release|Any CPU
		{4A0127B7-D3FD-E36A-0B14-E10AFA05548F}.Release|Any CPU.Build.0 = Release|Any CPU
		{C1E390B5-457A-7A4A-F3C7-AB8CE2F96E56}.Debug|Any CPU.ActiveCfg = Debug|Any CPU
		{C1E390B5-457A-7A4A-F3C7-AB8CE2F96E56}.Debug|Any CPU.Build.0 = Debug|Any CPU
		{C1E390B5-457A-7A4A-F3C7-AB8CE2F96E56}.Release|Any CPU.ActiveCfg = Release|Any CPU
		{C1E390B5-457A-7A4A-F3C7-AB8CE2F96E56}.Release|Any CPU.Build.0 = Release|Any CPU
		{A43F1CAB-3BA7-9562-3B8F-F1F675999B11}.Debug|Any CPU.ActiveCfg = Debug|Any CPU
		{A43F1CAB-3BA7-9562-3B8F-F1F675999B11}.Debug|Any CPU.Build.0 = Debug|Any CPU
		{A43F1CAB-3BA7-9562-3B8F-F1F675999B11}.Release|Any CPU.ActiveCfg = Release|Any CPU
		{A43F1CAB-3BA7-9562-3B8F-F1F675999B11}.Release|Any CPU.Build.0 = Release|Any CPU
		{D4AAF316-2D40-30A9-8A38-DACB1CACCB38}.Debug|Any CPU.ActiveCfg = Debug|Any CPU
		{D4AAF316-2D40-30A9-8A38-DACB1CACCB38}.Debug|Any CPU.Build.0 = Debug|Any CPU
		{D4AAF316-2D40-30A9-8A38-DACB1CACCB38}.Release|Any CPU.ActiveCfg = Release|Any CPU
		{D4AAF316-2D40-30A9-8A38-DACB1CACCB38}.Release|Any CPU.Build.0 = Release|Any CPU
		{219E0C5A-9EB3-706D-A21B-CBE6F1B0C907}.Debug|Any CPU.ActiveCfg = Debug|Any CPU
		{219E0C5A-9EB3-706D-A21B-CBE6F1B0C907}.Debug|Any CPU.Build.0 = Debug|Any CPU
		{219E0C5A-9EB3-706D-A21B-CBE6F1B0C907}.Release|Any CPU.ActiveCfg = Release|Any CPU
		{219E0C5A-9EB3-706D-A21B-CBE6F1B0C907}.Release|Any CPU.Build.0 = Release|Any CPU
		{461C8554-D670-6F10-DA1B-AD174557B9DC}.Debug|Any CPU.ActiveCfg = Debug|Any CPU
		{461C8554-D670-6F10-DA1B-AD174557B9DC}.Debug|Any CPU.Build.0 = Debug|Any CPU
		{461C8554-D670-6F10-DA1B-AD174557B9DC}.Release|Any CPU.ActiveCfg = Release|Any CPU
		{461C8554-D670-6F10-DA1B-AD174557B9DC}.Release|Any CPU.Build.0 = Release|Any CPU
		{E03800DC-6BF4-95C4-0421-D8172CAE4D44}.Debug|Any CPU.ActiveCfg = Debug|Any CPU
		{E03800DC-6BF4-95C4-0421-D8172CAE4D44}.Debug|Any CPU.Build.0 = Debug|Any CPU
		{E03800DC-6BF4-95C4-0421-D8172CAE4D44}.Release|Any CPU.ActiveCfg = Release|Any CPU
		{E03800DC-6BF4-95C4-0421-D8172CAE4D44}.Release|Any CPU.Build.0 = Release|Any CPU
		{3942A4A3-0005-4C7C-C6BD-EA05BF7935C4}.Debug|Any CPU.ActiveCfg = Debug|Any CPU
		{3942A4A3-0005-4C7C-C6BD-EA05BF7935C4}.Debug|Any CPU.Build.0 = Debug|Any CPU
		{3942A4A3-0005-4C7C-C6BD-EA05BF7935C4}.Release|Any CPU.ActiveCfg = Release|Any CPU
		{3942A4A3-0005-4C7C-C6BD-EA05BF7935C4}.Release|Any CPU.Build.0 = Release|Any CPU
		{DDA0AC83-CADD-44A7-B8CD-9F62998E3449}.Debug|Any CPU.ActiveCfg = Debug|Any CPU
		{DDA0AC83-CADD-44A7-B8CD-9F62998E3449}.Debug|Any CPU.Build.0 = Debug|Any CPU
		{DDA0AC83-CADD-44A7-B8CD-9F62998E3449}.Release|Any CPU.ActiveCfg = Release|Any CPU
		{DDA0AC83-CADD-44A7-B8CD-9F62998E3449}.Release|Any CPU.Build.0 = Release|Any CPU
		{1572F625-911F-F500-E6E1-4883C6CBA8F9}.Debug|Any CPU.ActiveCfg = Debug|Any CPU
		{1572F625-911F-F500-E6E1-4883C6CBA8F9}.Debug|Any CPU.Build.0 = Debug|Any CPU
		{1572F625-911F-F500-E6E1-4883C6CBA8F9}.Release|Any CPU.ActiveCfg = Release|Any CPU
		{1572F625-911F-F500-E6E1-4883C6CBA8F9}.Release|Any CPU.Build.0 = Release|Any CPU
		{A7EBE9E3-5727-77F6-AFF7-1A2427802ACB}.Debug|Any CPU.ActiveCfg = Debug|Any CPU
		{A7EBE9E3-5727-77F6-AFF7-1A2427802ACB}.Debug|Any CPU.Build.0 = Debug|Any CPU
		{A7EBE9E3-5727-77F6-AFF7-1A2427802ACB}.Release|Any CPU.ActiveCfg = Release|Any CPU
		{A7EBE9E3-5727-77F6-AFF7-1A2427802ACB}.Release|Any CPU.Build.0 = Release|Any CPU
		{46390B81-9E82-BFFC-7263-79033ED43705}.Debug|Any CPU.ActiveCfg = Debug|Any CPU
		{46390B81-9E82-BFFC-7263-79033ED43705}.Debug|Any CPU.Build.0 = Debug|Any CPU
		{46390B81-9E82-BFFC-7263-79033ED43705}.Release|Any CPU.ActiveCfg = Release|Any CPU
		{46390B81-9E82-BFFC-7263-79033ED43705}.Release|Any CPU.Build.0 = Release|Any CPU
		{0C147AFF-F608-E8A4-F359-45218AC4C353}.Debug|Any CPU.ActiveCfg = Debug|Any CPU
		{0C147AFF-F608-E8A4-F359-45218AC4C353}.Debug|Any CPU.Build.0 = Debug|Any CPU
		{0C147AFF-F608-E8A4-F359-45218AC4C353}.Release|Any CPU.ActiveCfg = Release|Any CPU
		{0C147AFF-F608-E8A4-F359-45218AC4C353}.Release|Any CPU.Build.0 = Release|Any CPU
		{13412E6D-417F-1BCB-7939-F487133A9AD8}.Debug|Any CPU.ActiveCfg = Debug|Any CPU
		{13412E6D-417F-1BCB-7939-F487133A9AD8}.Debug|Any CPU.Build.0 = Debug|Any CPU
		{13412E6D-417F-1BCB-7939-F487133A9AD8}.Release|Any CPU.ActiveCfg = Release|Any CPU
		{13412E6D-417F-1BCB-7939-F487133A9AD8}.Release|Any CPU.Build.0 = Release|Any CPU
		{9275F136-C358-0452-D290-154FD77A927F}.Debug|Any CPU.ActiveCfg = Debug|Any CPU
		{9275F136-C358-0452-D290-154FD77A927F}.Debug|Any CPU.Build.0 = Debug|Any CPU
		{9275F136-C358-0452-D290-154FD77A927F}.Release|Any CPU.ActiveCfg = Release|Any CPU
		{9275F136-C358-0452-D290-154FD77A927F}.Release|Any CPU.Build.0 = Release|Any CPU
		{A165A7A3-42EC-2F94-C0A7-ABAA9CBB90A0}.Debug|Any CPU.ActiveCfg = Debug|Any CPU
		{A165A7A3-42EC-2F94-C0A7-ABAA9CBB90A0}.Debug|Any CPU.Build.0 = Debug|Any CPU
		{A165A7A3-42EC-2F94-C0A7-ABAA9CBB90A0}.Release|Any CPU.ActiveCfg = Release|Any CPU
		{A165A7A3-42EC-2F94-C0A7-ABAA9CBB90A0}.Release|Any CPU.Build.0 = Release|Any CPU
		{18162879-91BF-93B2-2172-35A8F1442485}.Debug|Any CPU.ActiveCfg = Debug|Any CPU
		{18162879-91BF-93B2-2172-35A8F1442485}.Debug|Any CPU.Build.0 = Debug|Any CPU
		{18162879-91BF-93B2-2172-35A8F1442485}.Release|Any CPU.ActiveCfg = Release|Any CPU
		{18162879-91BF-93B2-2172-35A8F1442485}.Release|Any CPU.Build.0 = Release|Any CPU
		{CE2AD5C0-C212-B5E9-3EF1-7EADE3A9C0C2}.Debug|Any CPU.ActiveCfg = Debug|Any CPU
		{CE2AD5C0-C212-B5E9-3EF1-7EADE3A9C0C2}.Debug|Any CPU.Build.0 = Debug|Any CPU
		{CE2AD5C0-C212-B5E9-3EF1-7EADE3A9C0C2}.Release|Any CPU.ActiveCfg = Release|Any CPU
		{CE2AD5C0-C212-B5E9-3EF1-7EADE3A9C0C2}.Release|Any CPU.Build.0 = Release|Any CPU
		{1F5DA174-1DBF-4C3F-6250-F5806521E9F6}.Debug|Any CPU.ActiveCfg = Debug|Any CPU
		{1F5DA174-1DBF-4C3F-6250-F5806521E9F6}.Debug|Any CPU.Build.0 = Debug|Any CPU
		{1F5DA174-1DBF-4C3F-6250-F5806521E9F6}.Release|Any CPU.ActiveCfg = Release|Any CPU
		{1F5DA174-1DBF-4C3F-6250-F5806521E9F6}.Release|Any CPU.Build.0 = Release|Any CPU
		{8DACC248-8429-A4C4-E0F3-177580B08A4F}.Debug|Any CPU.ActiveCfg = Debug|Any CPU
		{8DACC248-8429-A4C4-E0F3-177580B08A4F}.Debug|Any CPU.Build.0 = Debug|Any CPU
		{8DACC248-8429-A4C4-E0F3-177580B08A4F}.Release|Any CPU.ActiveCfg = Release|Any CPU
		{8DACC248-8429-A4C4-E0F3-177580B08A4F}.Release|Any CPU.Build.0 = Release|Any CPU
		{A4582708-3D93-4802-F1C8-C220B99C2D76}.Debug|Any CPU.ActiveCfg = Debug|Any CPU
		{A4582708-3D93-4802-F1C8-C220B99C2D76}.Debug|Any CPU.Build.0 = Debug|Any CPU
		{A4582708-3D93-4802-F1C8-C220B99C2D76}.Release|Any CPU.ActiveCfg = Release|Any CPU
		{A4582708-3D93-4802-F1C8-C220B99C2D76}.Release|Any CPU.Build.0 = Release|Any CPU
		{562A2F19-E257-E3D3-11EC-53465D44847F}.Debug|Any CPU.ActiveCfg = Debug|Any CPU
		{562A2F19-E257-E3D3-11EC-53465D44847F}.Debug|Any CPU.Build.0 = Debug|Any CPU
		{562A2F19-E257-E3D3-11EC-53465D44847F}.Release|Any CPU.ActiveCfg = Release|Any CPU
		{562A2F19-E257-E3D3-11EC-53465D44847F}.Release|Any CPU.Build.0 = Release|Any CPU
		{4445CB18-0443-4E41-0869-9440F5B9C986}.Debug|Any CPU.ActiveCfg = Debug|Any CPU
		{4445CB18-0443-4E41-0869-9440F5B9C986}.Debug|Any CPU.Build.0 = Debug|Any CPU
		{4445CB18-0443-4E41-0869-9440F5B9C986}.Release|Any CPU.ActiveCfg = Release|Any CPU
		{4445CB18-0443-4E41-0869-9440F5B9C986}.Release|Any CPU.Build.0 = Release|Any CPU
		{F024971D-A0BC-6CA8-A159-48C0696A86C4}.Debug|Any CPU.ActiveCfg = Debug|Any CPU
		{F024971D-A0BC-6CA8-A159-48C0696A86C4}.Debug|Any CPU.Build.0 = Debug|Any CPU
		{F024971D-A0BC-6CA8-A159-48C0696A86C4}.Release|Any CPU.ActiveCfg = Release|Any CPU
		{F024971D-A0BC-6CA8-A159-48C0696A86C4}.Release|Any CPU.Build.0 = Release|Any CPU
		{B3D89B44-4E6E-5AB3-05B0-66E1029FEEA3}.Debug|Any CPU.ActiveCfg = Debug|Any CPU
		{B3D89B44-4E6E-5AB3-05B0-66E1029FEEA3}.Debug|Any CPU.Build.0 = Debug|Any CPU
		{B3D89B44-4E6E-5AB3-05B0-66E1029FEEA3}.Release|Any CPU.ActiveCfg = Release|Any CPU
		{B3D89B44-4E6E-5AB3-05B0-66E1029FEEA3}.Release|Any CPU.Build.0 = Release|Any CPU
		{87F49737-8EFF-6056-9A92-89CBBB49260F}.Debug|Any CPU.ActiveCfg = Debug|Any CPU
		{87F49737-8EFF-6056-9A92-89CBBB49260F}.Debug|Any CPU.Build.0 = Debug|Any CPU
		{87F49737-8EFF-6056-9A92-89CBBB49260F}.Release|Any CPU.ActiveCfg = Release|Any CPU
		{87F49737-8EFF-6056-9A92-89CBBB49260F}.Release|Any CPU.Build.0 = Release|Any CPU
		{6947C410-17FC-DFAA-9AAA-CFAB55EE723D}.Debug|Any CPU.ActiveCfg = Debug|Any CPU
		{6947C410-17FC-DFAA-9AAA-CFAB55EE723D}.Debug|Any CPU.Build.0 = Debug|Any CPU
		{6947C410-17FC-DFAA-9AAA-CFAB55EE723D}.Release|Any CPU.ActiveCfg = Release|Any CPU
		{6947C410-17FC-DFAA-9AAA-CFAB55EE723D}.Release|Any CPU.Build.0 = Release|Any CPU
		{3A605CBD-1F75-19B7-03C5-4DCFDBBD8443}.Debug|Any CPU.ActiveCfg = Debug|Any CPU
		{3A605CBD-1F75-19B7-03C5-4DCFDBBD8443}.Debug|Any CPU.Build.0 = Debug|Any CPU
		{3A605CBD-1F75-19B7-03C5-4DCFDBBD8443}.Release|Any CPU.ActiveCfg = Release|Any CPU
		{3A605CBD-1F75-19B7-03C5-4DCFDBBD8443}.Release|Any CPU.Build.0 = Release|Any CPU
		{F17EB384-1EB6-3721-C49E-6AB6A779C117}.Debug|Any CPU.ActiveCfg = Debug|Any CPU
		{F17EB384-1EB6-3721-C49E-6AB6A779C117}.Debug|Any CPU.Build.0 = Debug|Any CPU
		{F17EB384-1EB6-3721-C49E-6AB6A779C117}.Release|Any CPU.ActiveCfg = Release|Any CPU
		{F17EB384-1EB6-3721-C49E-6AB6A779C117}.Release|Any CPU.Build.0 = Release|Any CPU
		{BC152AA8-E049-CC71-640B-5C7CF525B1C1}.Debug|Any CPU.ActiveCfg = Debug|Any CPU
		{BC152AA8-E049-CC71-640B-5C7CF525B1C1}.Debug|Any CPU.Build.0 = Debug|Any CPU
		{BC152AA8-E049-CC71-640B-5C7CF525B1C1}.Release|Any CPU.ActiveCfg = Release|Any CPU
		{BC152AA8-E049-CC71-640B-5C7CF525B1C1}.Release|Any CPU.Build.0 = Release|Any CPU
		{EE305FCE-29EC-C209-7D36-398889D480F9}.Debug|Any CPU.ActiveCfg = Debug|Any CPU
		{EE305FCE-29EC-C209-7D36-398889D480F9}.Debug|Any CPU.Build.0 = Debug|Any CPU
		{EE305FCE-29EC-C209-7D36-398889D480F9}.Release|Any CPU.ActiveCfg = Release|Any CPU
		{EE305FCE-29EC-C209-7D36-398889D480F9}.Release|Any CPU.Build.0 = Release|Any CPU
		{7EC48434-25F1-E7DD-1D7B-F7C37DDA57BF}.Debug|Any CPU.ActiveCfg = Debug|Any CPU
		{7EC48434-25F1-E7DD-1D7B-F7C37DDA57BF}.Debug|Any CPU.Build.0 = Debug|Any CPU
		{7EC48434-25F1-E7DD-1D7B-F7C37DDA57BF}.Release|Any CPU.ActiveCfg = Release|Any CPU
		{7EC48434-25F1-E7DD-1D7B-F7C37DDA57BF}.Release|Any CPU.Build.0 = Release|Any CPU
		{D652B1B2-0E23-DCFE-9FA3-226576FFF967}.Debug|Any CPU.ActiveCfg = Debug|Any CPU
		{D652B1B2-0E23-DCFE-9FA3-226576FFF967}.Debug|Any CPU.Build.0 = Debug|Any CPU
		{D652B1B2-0E23-DCFE-9FA3-226576FFF967}.Release|Any CPU.ActiveCfg = Release|Any CPU
		{D652B1B2-0E23-DCFE-9FA3-226576FFF967}.Release|Any CPU.Build.0 = Release|Any CPU
	EndGlobalSection
	GlobalSection(SolutionProperties) = preSolution
		HideSolutionNode = FALSE
	EndGlobalSection
EndGlobal
